
Microsoft Visual Studio Solution File, Format Version 12.00
# Visual Studio Version 16
VisualStudioVersion = 16.0.29709.97
MinimumVisualStudioVersion = 10.0.40219.1
Project("{9A19103F-16F7-4668-BE54-9A1E7A4F7556}") = "STS", "STS\STS.csproj", "{FCAC9723-902F-4F89-87E8-06B30A204E4B}"
	ProjectSection(ProjectDependencies) = postProject
		{6DF65987-A6A5-4B45-8BC6-5C42DD11F086} = {6DF65987-A6A5-4B45-8BC6-5C42DD11F086}
	EndProjectSection
EndProject
Project("{9A19103F-16F7-4668-BE54-9A1E7A4F7556}") = "STS.BLL", "STS.BLL\STS.BLL.csproj", "{AC6F9510-DF71-4024-BD4B-A8957184DC54}"
EndProject
Project("{9A19103F-16F7-4668-BE54-9A1E7A4F7556}") = "STS.DAL", "STS.DAL\STS.DAL.csproj", "{6DF65987-A6A5-4B45-8BC6-5C42DD11F086}"
EndProject
Project("{9A19103F-16F7-4668-BE54-9A1E7A4F7556}") = "STS.Model", "STS.Model\STS.Model.csproj", "{6596210B-A61A-4B8C-AB3F-0C86C69876EC}"
EndProject
Project("{9A19103F-16F7-4668-BE54-9A1E7A4F7556}") = "STS.Common", "STS.Common\STS.Common.csproj", "{037D50F3-0C08-4474-B38D-6FD2FFFDAACE}"
EndProject
Global
	GlobalSection(SolutionConfigurationPlatforms) = preSolution
		Debug|Any CPU = Debug|Any CPU
		Release|Any CPU = Release|Any CPU
	EndGlobalSection
	GlobalSection(ProjectConfigurationPlatforms) = postSolution
		{FCAC9723-902F-4F89-87E8-06B30A204E4B}.Debug|Any CPU.ActiveCfg = Debug|Any CPU
		{FCAC9723-902F-4F89-87E8-06B30A204E4B}.Debug|Any CPU.Build.0 = Debug|Any CPU
		{FCAC9723-902F-4F89-87E8-06B30A204E4B}.Release|Any CPU.ActiveCfg = Release|Any CPU
		{FCAC9723-902F-4F89-87E8-06B30A204E4B}.Release|Any CPU.Build.0 = Release|Any CPU
		{AC6F9510-DF71-4024-BD4B-A8957184DC54}.Debug|Any CPU.ActiveCfg = Debug|Any CPU
		{AC6F9510-DF71-4024-BD4B-A8957184DC54}.Debug|Any CPU.Build.0 = Debug|Any CPU
		{AC6F9510-DF71-4024-BD4B-A8957184DC54}.Release|Any CPU.ActiveCfg = Release|Any CPU
		{AC6F9510-DF71-4024-BD4B-A8957184DC54}.Release|Any CPU.Build.0 = Release|Any CPU
		{6DF65987-A6A5-4B45-8BC6-5C42DD11F086}.Debug|Any CPU.ActiveCfg = Debug|Any CPU
		{6DF65987-A6A5-4B45-8BC6-5C42DD11F086}.Debug|Any CPU.Build.0 = Debug|Any CPU
		{6DF65987-A6A5-4B45-8BC6-5C42DD11F086}.Release|Any CPU.ActiveCfg = Release|Any CPU
		{6DF65987-A6A5-4B45-8BC6-5C42DD11F086}.Release|Any CPU.Build.0 = Release|Any CPU
		{6596210B-A61A-4B8C-AB3F-0C86C69876EC}.Debug|Any CPU.ActiveCfg = Debug|Any CPU
		{6596210B-A61A-4B8C-AB3F-0C86C69876EC}.Debug|Any CPU.Build.0 = Debug|Any CPU
		{6596210B-A61A-4B8C-AB3F-0C86C69876EC}.Release|Any CPU.ActiveCfg = Release|Any CPU
		{6596210B-A61A-4B8C-AB3F-0C86C69876EC}.Release|Any CPU.Build.0 = Release|Any CPU
		{037D50F3-0C08-4474-B38D-6FD2FFFDAACE}.Debug|Any CPU.ActiveCfg = Debug|Any CPU
		{037D50F3-0C08-4474-B38D-6FD2FFFDAACE}.Debug|Any CPU.Build.0 = Debug|Any CPU
		{037D50F3-0C08-4474-B38D-6FD2FFFDAACE}.Release|Any CPU.ActiveCfg = Release|Any CPU
		{037D50F3-0C08-4474-B38D-6FD2FFFDAACE}.Release|Any CPU.Build.0 = Release|Any CPU
	EndGlobalSection
	GlobalSection(SolutionProperties) = preSolution
		HideSolutionNode = FALSE
	EndGlobalSection
	GlobalSection(ExtensibilityGlobals) = postSolution
		SolutionGuid = {0FBB4C2F-E5CD-48F9-8FD7-F0F696D8C0B5}
	EndGlobalSection
EndGlobal
